// !$*UTF8*$!
{
	archiveVersion = 1;
	classes = {
	};
	objectVersion = 50;
	objects = {

/* Begin PBXBuildFile section */
		0FF6B73C268882CB007D7054 /* AppDelegate.swift in Sources */ = {isa = PBXBuildFile; fileRef = 0FF6B73B268882CB007D7054 /* AppDelegate.swift */; };
		0FF6B73E268882CB007D7054 /* SceneDelegate.swift in Sources */ = {isa = PBXBuildFile; fileRef = 0FF6B73D268882CB007D7054 /* SceneDelegate.swift */; };
		0FF6B740268882CB007D7054 /* ViewController.swift in Sources */ = {isa = PBXBuildFile; fileRef = 0FF6B73F268882CB007D7054 /* ViewController.swift */; };
		0FF6B743268882CB007D7054 /* Main.storyboard in Resources */ = {isa = PBXBuildFile; fileRef = 0FF6B741268882CB007D7054 /* Main.storyboard */; };
		0FF6B745268882CC007D7054 /* Assets.xcassets in Resources */ = {isa = PBXBuildFile; fileRef = 0FF6B744268882CC007D7054 /* Assets.xcassets */; };
		0FF6B748268882CC007D7054 /* LaunchScreen.storyboard in Resources */ = {isa = PBXBuildFile; fileRef = 0FF6B746268882CC007D7054 /* LaunchScreen.storyboard */; };
		0FF6B753268882CC007D7054 /* SlideshowTests.swift in Sources */ = {isa = PBXBuildFile; fileRef = 0FF6B752268882CC007D7054 /* SlideshowTests.swift */; };
		0FF6B75E268882CC007D7054 /* SlideshowUITests.swift in Sources */ = {isa = PBXBuildFile; fileRef = 0FF6B75D268882CC007D7054 /* SlideshowUITests.swift */; };
		0FF6B76E26888A39007D7054 /* NetworkManager.swift in Sources */ = {isa = PBXBuildFile; fileRef = 0FF6B76D26888A39007D7054 /* NetworkManager.swift */; };
		0FF6B7712688AB18007D7054 /* FlickrPhotoModel.swift in Sources */ = {isa = PBXBuildFile; fileRef = 0FF6B7702688AB18007D7054 /* FlickrPhotoModel.swift */; };
/* End PBXBuildFile section */

/* Begin PBXContainerItemProxy section */
		0FF6B74F268882CC007D7054 /* PBXContainerItemProxy */ = {
			isa = PBXContainerItemProxy;
			containerPortal = 0FF6B730268882CB007D7054 /* Project object */;
			proxyType = 1;
			remoteGlobalIDString = 0FF6B737268882CB007D7054;
			remoteInfo = Slideshow;
		};
		0FF6B75A268882CC007D7054 /* PBXContainerItemProxy */ = {
			isa = PBXContainerItemProxy;
			containerPortal = 0FF6B730268882CB007D7054 /* Project object */;
			proxyType = 1;
			remoteGlobalIDString = 0FF6B737268882CB007D7054;
			remoteInfo = Slideshow;
		};
/* End PBXContainerItemProxy section */

/* Begin PBXFileReference section */
		0FF6B738268882CB007D7054 /* Slideshow.app */ = {isa = PBXFileReference; explicitFileType = wrapper.application; includeInIndex = 0; path = Slideshow.app; sourceTree = BUILT_PRODUCTS_DIR; };
		0FF6B73B268882CB007D7054 /* AppDelegate.swift */ = {isa = PBXFileReference; lastKnownFileType = sourcecode.swift; path = AppDelegate.swift; sourceTree = "<group>"; };
		0FF6B73D268882CB007D7054 /* SceneDelegate.swift */ = {isa = PBXFileReference; lastKnownFileType = sourcecode.swift; path = SceneDelegate.swift; sourceTree = "<group>"; };
		0FF6B73F268882CB007D7054 /* ViewController.swift */ = {isa = PBXFileReference; lastKnownFileType = sourcecode.swift; path = ViewController.swift; sourceTree = "<group>"; };
		0FF6B742268882CB007D7054 /* Base */ = {isa = PBXFileReference; lastKnownFileType = file.storyboard; name = Base; path = Base.lproj/Main.storyboard; sourceTree = "<group>"; };
		0FF6B744268882CC007D7054 /* Assets.xcassets */ = {isa = PBXFileReference; lastKnownFileType = folder.assetcatalog; path = Assets.xcassets; sourceTree = "<group>"; };
		0FF6B747268882CC007D7054 /* Base */ = {isa = PBXFileReference; lastKnownFileType = file.storyboard; name = Base; path = Base.lproj/LaunchScreen.storyboard; sourceTree = "<group>"; };
		0FF6B749268882CC007D7054 /* Info.plist */ = {isa = PBXFileReference; lastKnownFileType = text.plist.xml; path = Info.plist; sourceTree = "<group>"; };
		0FF6B74E268882CC007D7054 /* SlideshowTests.xctest */ = {isa = PBXFileReference; explicitFileType = wrapper.cfbundle; includeInIndex = 0; path = SlideshowTests.xctest; sourceTree = BUILT_PRODUCTS_DIR; };
		0FF6B752268882CC007D7054 /* SlideshowTests.swift */ = {isa = PBXFileReference; lastKnownFileType = sourcecode.swift; path = SlideshowTests.swift; sourceTree = "<group>"; };
		0FF6B754268882CC007D7054 /* Info.plist */ = {isa = PBXFileReference; lastKnownFileType = text.plist.xml; path = Info.plist; sourceTree = "<group>"; };
		0FF6B759268882CC007D7054 /* SlideshowUITests.xctest */ = {isa = PBXFileReference; explicitFileType = wrapper.cfbundle; includeInIndex = 0; path = SlideshowUITests.xctest; sourceTree = BUILT_PRODUCTS_DIR; };
		0FF6B75D268882CC007D7054 /* SlideshowUITests.swift */ = {isa = PBXFileReference; lastKnownFileType = sourcecode.swift; path = SlideshowUITests.swift; sourceTree = "<group>"; };
		0FF6B75F268882CC007D7054 /* Info.plist */ = {isa = PBXFileReference; lastKnownFileType = text.plist.xml; path = Info.plist; sourceTree = "<group>"; };
		0FF6B76D26888A39007D7054 /* NetworkManager.swift */ = {isa = PBXFileReference; lastKnownFileType = sourcecode.swift; path = NetworkManager.swift; sourceTree = "<group>"; };
		0FF6B7702688AB18007D7054 /* FlickrPhotoModel.swift */ = {isa = PBXFileReference; lastKnownFileType = sourcecode.swift; path = FlickrPhotoModel.swift; sourceTree = "<group>"; };
/* End PBXFileReference section */

/* Begin PBXFrameworksBuildPhase section */
		0FF6B735268882CB007D7054 /* Frameworks */ = {
			isa = PBXFrameworksBuildPhase;
			buildActionMask = 2147483647;
			files = (
			);
			runOnlyForDeploymentPostprocessing = 0;
		};
		0FF6B74B268882CC007D7054 /* Frameworks */ = {
			isa = PBXFrameworksBuildPhase;
			buildActionMask = 2147483647;
			files = (
			);
			runOnlyForDeploymentPostprocessing = 0;
		};
		0FF6B756268882CC007D7054 /* Frameworks */ = {
			isa = PBXFrameworksBuildPhase;
			buildActionMask = 2147483647;
			files = (
			);
			runOnlyForDeploymentPostprocessing = 0;
		};
/* End PBXFrameworksBuildPhase section */

/* Begin PBXGroup section */
		0FF6B72F268882CB007D7054 = {
			isa = PBXGroup;
			children = (
				0FF6B73A268882CB007D7054 /* Slideshow */,
				0FF6B751268882CC007D7054 /* SlideshowTests */,
				0FF6B75C268882CC007D7054 /* SlideshowUITests */,
				0FF6B739268882CB007D7054 /* Products */,
			);
			sourceTree = "<group>";
		};
		0FF6B739268882CB007D7054 /* Products */ = {
			isa = PBXGroup;
			children = (
				0FF6B738268882CB007D7054 /* Slideshow.app */,
				0FF6B74E268882CC007D7054 /* SlideshowTests.xctest */,
				0FF6B759268882CC007D7054 /* SlideshowUITests.xctest */,
			);
			name = Products;
			sourceTree = "<group>";
		};
		0FF6B73A268882CB007D7054 /* Slideshow */ = {
			isa = PBXGroup;
			children = (
				0FF6B76F2688AB05007D7054 /* Model */,
				0FF6B76C26888A27007D7054 /* Network */,
				0FF6B76B268882E7007D7054 /* HelperMethods */,
				0FF6B73B268882CB007D7054 /* AppDelegate.swift */,
				0FF6B73D268882CB007D7054 /* SceneDelegate.swift */,
				0FF6B73F268882CB007D7054 /* ViewController.swift */,
				0FF6B741268882CB007D7054 /* Main.storyboard */,
				0FF6B744268882CC007D7054 /* Assets.xcassets */,
				0FF6B746268882CC007D7054 /* LaunchScreen.storyboard */,
				0FF6B749268882CC007D7054 /* Info.plist */,
			);
			path = Slideshow;
			sourceTree = "<group>";
		};
		0FF6B751268882CC007D7054 /* SlideshowTests */ = {
			isa = PBXGroup;
			children = (
				0FF6B752268882CC007D7054 /* SlideshowTests.swift */,
				0FF6B754268882CC007D7054 /* Info.plist */,
			);
			path = SlideshowTests;
			sourceTree = "<group>";
		};
		0FF6B75C268882CC007D7054 /* SlideshowUITests */ = {
			isa = PBXGroup;
			children = (
				0FF6B75D268882CC007D7054 /* SlideshowUITests.swift */,
				0FF6B75F268882CC007D7054 /* Info.plist */,
			);
			path = SlideshowUITests;
			sourceTree = "<group>";
		};
		0FF6B76B268882E7007D7054 /* HelperMethods */ = {
			isa = PBXGroup;
			children = (
			);
			path = HelperMethods;
			sourceTree = "<group>";
		};
		0FF6B76C26888A27007D7054 /* Network */ = {
			isa = PBXGroup;
			children = (
				0FF6B76D26888A39007D7054 /* NetworkManager.swift */,
			);
			path = Network;
			sourceTree = "<group>";
		};
		0FF6B76F2688AB05007D7054 /* Model */ = {
			isa = PBXGroup;
			children = (
				0FF6B7702688AB18007D7054 /* FlickrPhotoModel.swift */,
			);
			path = Model;
			sourceTree = "<group>";
		};
/* End PBXGroup section */

/* Begin PBXNativeTarget section */
		0FF6B737268882CB007D7054 /* Slideshow */ = {
			isa = PBXNativeTarget;
			buildConfigurationList = 0FF6B762268882CC007D7054 /* Build configuration list for PBXNativeTarget "Slideshow" */;
			buildPhases = (
				0FF6B734268882CB007D7054 /* Sources */,
				0FF6B735268882CB007D7054 /* Frameworks */,
				0FF6B736268882CB007D7054 /* Resources */,
			);
			buildRules = (
			);
			dependencies = (
			);
			name = Slideshow;
			productName = Slideshow;
			productReference = 0FF6B738268882CB007D7054 /* Slideshow.app */;
			productType = "com.apple.product-type.application";
		};
		0FF6B74D268882CC007D7054 /* SlideshowTests */ = {
			isa = PBXNativeTarget;
			buildConfigurationList = 0FF6B765268882CC007D7054 /* Build configuration list for PBXNativeTarget "SlideshowTests" */;
			buildPhases = (
				0FF6B74A268882CC007D7054 /* Sources */,
				0FF6B74B268882CC007D7054 /* Frameworks */,
				0FF6B74C268882CC007D7054 /* Resources */,
			);
			buildRules = (
			);
			dependencies = (
				0FF6B750268882CC007D7054 /* PBXTargetDependency */,
			);
			name = SlideshowTests;
			productName = SlideshowTests;
			productReference = 0FF6B74E268882CC007D7054 /* SlideshowTests.xctest */;
			productType = "com.apple.product-type.bundle.unit-test";
		};
		0FF6B758268882CC007D7054 /* SlideshowUITests */ = {
			isa = PBXNativeTarget;
			buildConfigurationList = 0FF6B768268882CC007D7054 /* Build configuration list for PBXNativeTarget "SlideshowUITests" */;
			buildPhases = (
				0FF6B755268882CC007D7054 /* Sources */,
				0FF6B756268882CC007D7054 /* Frameworks */,
				0FF6B757268882CC007D7054 /* Resources */,
			);
			buildRules = (
			);
			dependencies = (
				0FF6B75B268882CC007D7054 /* PBXTargetDependency */,
			);
			name = SlideshowUITests;
			productName = SlideshowUITests;
			productReference = 0FF6B759268882CC007D7054 /* SlideshowUITests.xctest */;
			productType = "com.apple.product-type.bundle.ui-testing";
		};
/* End PBXNativeTarget section */

/* Begin PBXProject section */
		0FF6B730268882CB007D7054 /* Project object */ = {
			isa = PBXProject;
			attributes = {
				LastSwiftUpdateCheck = 1250;
				LastUpgradeCheck = 1250;
				TargetAttributes = {
					0FF6B737268882CB007D7054 = {
						CreatedOnToolsVersion = 12.5;
					};
					0FF6B74D268882CC007D7054 = {
						CreatedOnToolsVersion = 12.5;
						TestTargetID = 0FF6B737268882CB007D7054;
					};
					0FF6B758268882CC007D7054 = {
						CreatedOnToolsVersion = 12.5;
						TestTargetID = 0FF6B737268882CB007D7054;
					};
				};
			};
			buildConfigurationList = 0FF6B733268882CB007D7054 /* Build configuration list for PBXProject "Slideshow" */;
			compatibilityVersion = "Xcode 9.3";
			developmentRegion = en;
			hasScannedForEncodings = 0;
			knownRegions = (
				en,
				Base,
			);
			mainGroup = 0FF6B72F268882CB007D7054;
			productRefGroup = 0FF6B739268882CB007D7054 /* Products */;
			projectDirPath = "";
			projectRoot = "";
			targets = (
				0FF6B737268882CB007D7054 /* Slideshow */,
				0FF6B74D268882CC007D7054 /* SlideshowTests */,
				0FF6B758268882CC007D7054 /* SlideshowUITests */,
			);
		};
/* End PBXProject section */

/* Begin PBXResourcesBuildPhase section */
		0FF6B736268882CB007D7054 /* Resources */ = {
			isa = PBXResourcesBuildPhase;
			buildActionMask = 2147483647;
			files = (
				0FF6B748268882CC007D7054 /* LaunchScreen.storyboard in Resources */,
				0FF6B745268882CC007D7054 /* Assets.xcassets in Resources */,
				0FF6B743268882CB007D7054 /* Main.storyboard in Resources */,
			);
			runOnlyForDeploymentPostprocessing = 0;
		};
		0FF6B74C268882CC007D7054 /* Resources */ = {
			isa = PBXResourcesBuildPhase;
			buildActionMask = 2147483647;
			files = (
			);
			runOnlyForDeploymentPostprocessing = 0;
		};
		0FF6B757268882CC007D7054 /* Resources */ = {
			isa = PBXResourcesBuildPhase;
			buildActionMask = 2147483647;
			files = (
			);
			runOnlyForDeploymentPostprocessing = 0;
		};
/* End PBXResourcesBuildPhase section */

/* Begin PBXSourcesBuildPhase section */
		0FF6B734268882CB007D7054 /* Sources */ = {
			isa = PBXSourcesBuildPhase;
			buildActionMask = 2147483647;
			files = (
				0FF6B76E26888A39007D7054 /* NetworkManager.swift in Sources */,
				0FF6B740268882CB007D7054 /* ViewController.swift in Sources */,
				0FF6B7712688AB18007D7054 /* FlickrPhotoModel.swift in Sources */,
				0FF6B73C268882CB007D7054 /* AppDelegate.swift in Sources */,
				0FF6B73E268882CB007D7054 /* SceneDelegate.swift in Sources */,
			);
			runOnlyForDeploymentPostprocessing = 0;
		};
		0FF6B74A268882CC007D7054 /* Sources */ = {
			isa = PBXSourcesBuildPhase;
			buildActionMask = 2147483647;
			files = (
				0FF6B753268882CC007D7054 /* SlideshowTests.swift in Sources */,
			);
			runOnlyForDeploymentPostprocessing = 0;
		};
		0FF6B755268882CC007D7054 /* Sources */ = {
			isa = PBXSourcesBuildPhase;
			buildActionMask = 2147483647;
			files = (
				0FF6B75E268882CC007D7054 /* SlideshowUITests.swift in Sources */,
			);
			runOnlyForDeploymentPostprocessing = 0;
		};
/* End PBXSourcesBuildPhase section */

/* Begin PBXTargetDependency section */
		0FF6B750268882CC007D7054 /* PBXTargetDependency */ = {
			isa = PBXTargetDependency;
			target = 0FF6B737268882CB007D7054 /* Slideshow */;
			targetProxy = 0FF6B74F268882CC007D7054 /* PBXContainerItemProxy */;
		};
		0FF6B75B268882CC007D7054 /* PBXTargetDependency */ = {
			isa = PBXTargetDependency;
			target = 0FF6B737268882CB007D7054 /* Slideshow */;
			targetProxy = 0FF6B75A268882CC007D7054 /* PBXContainerItemProxy */;
		};
/* End PBXTargetDependency section */

/* Begin PBXVariantGroup section */
		0FF6B741268882CB007D7054 /* Main.storyboard */ = {
			isa = PBXVariantGroup;
			children = (
				0FF6B742268882CB007D7054 /* Base */,
			);
			name = Main.storyboard;
			sourceTree = "<group>";
		};
		0FF6B746268882CC007D7054 /* LaunchScreen.storyboard */ = {
			isa = PBXVariantGroup;
			children = (
				0FF6B747268882CC007D7054 /* Base */,
			);
			name = LaunchScreen.storyboard;
			sourceTree = "<group>";
		};
/* End PBXVariantGroup section */

/* Begin XCBuildConfiguration section */
		0FF6B760268882CC007D7054 /* Debug */ = {
			isa = XCBuildConfiguration;
			buildSettings = {
				ALWAYS_SEARCH_USER_PATHS = NO;
				CLANG_ANALYZER_NONNULL = YES;
				CLANG_ANALYZER_NUMBER_OBJECT_CONVERSION = YES_AGGRESSIVE;
				CLANG_CXX_LANGUAGE_STANDARD = "gnu++14";
				CLANG_CXX_LIBRARY = "libc++";
				CLANG_ENABLE_MODULES = YES;
				CLANG_ENABLE_OBJC_ARC = YES;
				CLANG_ENABLE_OBJC_WEAK = YES;
				CLANG_WARN_BLOCK_CAPTURE_AUTORELEASING = YES;
				CLANG_WARN_BOOL_CONVERSION = YES;
				CLANG_WARN_COMMA = YES;
				CLANG_WARN_CONSTANT_CONVERSION = YES;
				CLANG_WARN_DEPRECATED_OBJC_IMPLEMENTATIONS = YES;
				CLANG_WARN_DIRECT_OBJC_ISA_USAGE = YES_ERROR;
				CLANG_WARN_DOCUMENTATION_COMMENTS = YES;
				CLANG_WARN_EMPTY_BODY = YES;
				CLANG_WARN_ENUM_CONVERSION = YES;
				CLANG_WARN_INFINITE_RECURSION = YES;
				CLANG_WARN_INT_CONVERSION = YES;
				CLANG_WARN_NON_LITERAL_NULL_CONVERSION = YES;
				CLANG_WARN_OBJC_IMPLICIT_RETAIN_SELF = YES;
				CLANG_WARN_OBJC_LITERAL_CONVERSION = YES;
				CLANG_WARN_OBJC_ROOT_CLASS = YES_ERROR;
				CLANG_WARN_QUOTED_INCLUDE_IN_FRAMEWORK_HEADER = YES;
				CLANG_WARN_RANGE_LOOP_ANALYSIS = YES;
				CLANG_WARN_STRICT_PROTOTYPES = YES;
				CLANG_WARN_SUSPICIOUS_MOVE = YES;
				CLANG_WARN_UNGUARDED_AVAILABILITY = YES_AGGRESSIVE;
				CLANG_WARN_UNREACHABLE_CODE = YES;
				CLANG_WARN__DUPLICATE_METHOD_MATCH = YES;
				COPY_PHASE_STRIP = NO;
				DEBUG_INFORMATION_FORMAT = dwarf;
				ENABLE_STRICT_OBJC_MSGSEND = YES;
				ENABLE_TESTABILITY = YES;
				GCC_C_LANGUAGE_STANDARD = gnu11;
				GCC_DYNAMIC_NO_PIC = NO;
				GCC_NO_COMMON_BLOCKS = YES;
				GCC_OPTIMIZATION_LEVEL = 0;
				GCC_PREPROCESSOR_DEFINITIONS = (
					"DEBUG=1",
					"$(inherited)",
				);
				GCC_WARN_64_TO_32_BIT_CONVERSION = YES;
				GCC_WARN_ABOUT_RETURN_TYPE = YES_ERROR;
				GCC_WARN_UNDECLARED_SELECTOR = YES;
				GCC_WARN_UNINITIALIZED_AUTOS = YES_AGGRESSIVE;
				GCC_WARN_UNUSED_FUNCTION = YES;
				GCC_WARN_UNUSED_VARIABLE = YES;
				IPHONEOS_DEPLOYMENT_TARGET = 14.5;
				MTL_ENABLE_DEBUG_INFO = INCLUDE_SOURCE;
				MTL_FAST_MATH = YES;
				ONLY_ACTIVE_ARCH = YES;
				SDKROOT = iphoneos;
				SWIFT_ACTIVE_COMPILATION_CONDITIONS = DEBUG;
				SWIFT_OPTIMIZATION_LEVEL = "-Onone";
			};
			name = Debug;
		};
		0FF6B761268882CC007D7054 /* Release */ = {
			isa = XCBuildConfiguration;
			buildSettings = {
				ALWAYS_SEARCH_USER_PATHS = NO;
				CLANG_ANALYZER_NONNULL = YES;
				CLANG_ANALYZER_NUMBER_OBJECT_CONVERSION = YES_AGGRESSIVE;
				CLANG_CXX_LANGUAGE_STANDARD = "gnu++14";
				CLANG_CXX_LIBRARY = "libc++";
				CLANG_ENABLE_MODULES = YES;
				CLANG_ENABLE_OBJC_ARC = YES;
				CLANG_ENABLE_OBJC_WEAK = YES;
				CLANG_WARN_BLOCK_CAPTURE_AUTORELEASING = YES;
				CLANG_WARN_BOOL_CONVERSION = YES;
				CLANG_WARN_COMMA = YES;
				CLANG_WARN_CONSTANT_CONVERSION = YES;
				CLANG_WARN_DEPRECATED_OBJC_IMPLEMENTATIONS = YES;
				CLANG_WARN_DIRECT_OBJC_ISA_USAGE = YES_ERROR;
				CLANG_WARN_DOCUMENTATION_COMMENTS = YES;
				CLANG_WARN_EMPTY_BODY = YES;
				CLANG_WARN_ENUM_CONVERSION = YES;
				CLANG_WARN_INFINITE_RECURSION = YES;
				CLANG_WARN_INT_CONVERSION = YES;
				CLANG_WARN_NON_LITERAL_NULL_CONVERSION = YES;
				CLANG_WARN_OBJC_IMPLICIT_RETAIN_SELF = YES;
				CLANG_WARN_OBJC_LITERAL_CONVERSION = YES;
				CLANG_WARN_OBJC_ROOT_CLASS = YES_ERROR;
				CLANG_WARN_QUOTED_INCLUDE_IN_FRAMEWORK_HEADER = YES;
				CLANG_WARN_RANGE_LOOP_ANALYSIS = YES;
				CLANG_WARN_STRICT_PROTOTYPES = YES;
				CLANG_WARN_SUSPICIOUS_MOVE = YES;
				CLANG_WARN_UNGUARDED_AVAILABILITY = YES_AGGRESSIVE;
				CLANG_WARN_UNREACHABLE_CODE = YES;
				CLANG_WARN__DUPLICATE_METHOD_MATCH = YES;
				COPY_PHASE_STRIP = NO;
				DEBUG_INFORMATION_FORMAT = "dwarf-with-dsym";
				ENABLE_NS_ASSERTIONS = NO;
				ENABLE_STRICT_OBJC_MSGSEND = YES;
				GCC_C_LANGUAGE_STANDARD = gnu11;
				GCC_NO_COMMON_BLOCKS = YES;
				GCC_WARN_64_TO_32_BIT_CONVERSION = YES;
				GCC_WARN_ABOUT_RETURN_TYPE = YES_ERROR;
				GCC_WARN_UNDECLARED_SELECTOR = YES;
				GCC_WARN_UNINITIALIZED_AUTOS = YES_AGGRESSIVE;
				GCC_WARN_UNUSED_FUNCTION = YES;
				GCC_WARN_UNUSED_VARIABLE = YES;
				IPHONEOS_DEPLOYMENT_TARGET = 14.5;
				MTL_ENABLE_DEBUG_INFO = NO;
				MTL_FAST_MATH = YES;
				SDKROOT = iphoneos;
				SWIFT_COMPILATION_MODE = wholemodule;
				SWIFT_OPTIMIZATION_LEVEL = "-O";
				VALIDATE_PRODUCT = YES;
			};
			name = Release;
		};
		0FF6B763268882CC007D7054 /* Debug */ = {
			isa = XCBuildConfiguration;
			buildSettings = {
				ASSETCATALOG_COMPILER_APPICON_NAME = AppIcon;
				ASSETCATALOG_COMPILER_GLOBAL_ACCENT_COLOR_NAME = AccentColor;
				CODE_SIGN_STYLE = Automatic;
				DEVELOPMENT_TEAM = HEP834FG9R;
				INFOPLIST_FILE = Slideshow/Info.plist;
				LD_RUNPATH_SEARCH_PATHS = (
					"$(inherited)",
					"@executable_path/Frameworks",
				);
				PRODUCT_BUNDLE_IDENTIFIER = com.network.Slideshow;
				PRODUCT_NAME = "$(TARGET_NAME)";
				SWIFT_VERSION = 5.0;
				TARGETED_DEVICE_FAMILY = "1,2";
			};
			name = Debug;
		};
		0FF6B764268882CC007D7054 /* Release */ = {
			isa = XCBuildConfiguration;
			buildSettings = {
				ASSETCATALOG_COMPILER_APPICON_NAME = AppIcon;
				ASSETCATALOG_COMPILER_GLOBAL_ACCENT_COLOR_NAME = AccentColor;
				CODE_SIGN_STYLE = Automatic;
				DEVELOPMENT_TEAM = HEP834FG9R;
				INFOPLIST_FILE = Slideshow/Info.plist;
				LD_RUNPATH_SEARCH_PATHS = (
					"$(inherited)",
					"@executable_path/Frameworks",
				);
				PRODUCT_BUNDLE_IDENTIFIER = com.network.Slideshow;
				PRODUCT_NAME = "$(TARGET_NAME)";
				SWIFT_VERSION = 5.0;
				TARGETED_DEVICE_FAMILY = "1,2";
			};
			name = Release;
		};
		0FF6B766268882CC007D7054 /* Debug */ = {
			isa = XCBuildConfiguration;
			buildSettings = {
				ALWAYS_EMBED_SWIFT_STANDARD_LIBRARIES = YES;
				BUNDLE_LOADER = "$(TEST_HOST)";
				CODE_SIGN_STYLE = Automatic;
				DEVELOPMENT_TEAM = HEP834FG9R;
				INFOPLIST_FILE = SlideshowTests/Info.plist;
				IPHONEOS_DEPLOYMENT_TARGET = 14.5;
				LD_RUNPATH_SEARCH_PATHS = (
					"$(inherited)",
					"@executable_path/Frameworks",
					"@loader_path/Frameworks",
				);
				PRODUCT_BUNDLE_IDENTIFIER = com.network.SlideshowTests;
				PRODUCT_NAME = "$(TARGET_NAME)";
				SWIFT_VERSION = 5.0;
				TARGETED_DEVICE_FAMILY = "1,2";
				TEST_HOST = "$(BUILT_PRODUCTS_DIR)/Slideshow.app/Slideshow";
			};
			name = Debug;
		};
		0FF6B767268882CC007D7054 /* Release */ = {
			isa = XCBuildConfiguration;
			buildSettings = {
				ALWAYS_EMBED_SWIFT_STANDARD_LIBRARIES = YES;
				BUNDLE_LOADER = "$(TEST_HOST)";
				CODE_SIGN_STYLE = Automatic;
				DEVELOPMENT_TEAM = HEP834FG9R;
				INFOPLIST_FILE = SlideshowTests/Info.plist;
				IPHONEOS_DEPLOYMENT_TARGET = 14.5;
				LD_RUNPATH_SEARCH_PATHS = (
					"$(inherited)",
					"@executable_path/Frameworks",
					"@loader_path/Frameworks",
				);
				PRODUCT_BUNDLE_IDENTIFIER = com.network.SlideshowTests;
				PRODUCT_NAME = "$(TARGET_NAME)";
				SWIFT_VERSION = 5.0;
				TARGETED_DEVICE_FAMILY = "1,2";
				TEST_HOST = "$(BUILT_PRODUCTS_DIR)/Slideshow.app/Slideshow";
			};
			name = Release;
		};
		0FF6B769268882CC007D7054 /* Debug */ = {
			isa = XCBuildConfiguration;
			buildSettings = {
				ALWAYS_EMBED_SWIFT_STANDARD_LIBRARIES = YES;
				CODE_SIGN_STYLE = Automatic;
				DEVELOPMENT_TEAM = HEP834FG9R;
				INFOPLIST_FILE = SlideshowUITests/Info.plist;
				LD_RUNPATH_SEARCH_PATHS = (
					"$(inherited)",
					"@executable_path/Frameworks",
					"@loader_path/Frameworks",
				);
				PRODUCT_BUNDLE_IDENTIFIER = com.network.SlideshowUITests;
				PRODUCT_NAME = "$(TARGET_NAME)";
				SWIFT_VERSION = 5.0;
				TARGETED_DEVICE_FAMILY = "1,2";
				TEST_TARGET_NAME = Slideshow;
			};
			name = Debug;
		};
		0FF6B76A268882CC007D7054 /* Release */ = {
			isa = XCBuildConfiguration;
			buildSettings = {
				ALWAYS_EMBED_SWIFT_STANDARD_LIBRARIES = YES;
				CODE_SIGN_STYLE = Automatic;
				DEVELOPMENT_TEAM = HEP834FG9R;
				INFOPLIST_FILE = SlideshowUITests/Info.plist;
				LD_RUNPATH_SEARCH_PATHS = (
					"$(inherited)",
					"@executable_path/Frameworks",
					"@loader_path/Frameworks",
				);
				PRODUCT_BUNDLE_IDENTIFIER = com.network.SlideshowUITests;
				PRODUCT_NAME = "$(TARGET_NAME)";
				SWIFT_VERSION = 5.0;
				TARGETED_DEVICE_FAMILY = "1,2";
				TEST_TARGET_NAME = Slideshow;
			};
			name = Release;
		};
/* End XCBuildConfiguration section */

/* Begin XCConfigurationList section */
		0FF6B733268882CB007D7054 /* Build configuration list for PBXProject "Slideshow" */ = {
			isa = XCConfigurationList;
			buildConfigurations = (
				0FF6B760268882CC007D7054 /* Debug */,
				0FF6B761268882CC007D7054 /* Release */,
			);
			defaultConfigurationIsVisible = 0;
			defaultConfigurationName = Release;
		};
		0FF6B762268882CC007D7054 /* Build configuration list for PBXNativeTarget "Slideshow" */ = {
			isa = XCConfigurationList;
			buildConfigurations = (
				0FF6B763268882CC007D7054 /* Debug */,
				0FF6B764268882CC007D7054 /* Release */,
			);
			defaultConfigurationIsVisible = 0;
			defaultConfigurationName = Release;
		};
		0FF6B765268882CC007D7054 /* Build configuration list for PBXNativeTarget "SlideshowTests" */ = {
			isa = XCConfigurationList;
			buildConfigurations = (
				0FF6B766268882CC007D7054 /* Debug */,
				0FF6B767268882CC007D7054 /* Release */,
			);
			defaultConfigurationIsVisible = 0;
			defaultConfigurationName = Release;
		};
		0FF6B768268882CC007D7054 /* Build configuration list for PBXNativeTarget "SlideshowUITests" */ = {
			isa = XCConfigurationList;
			buildConfigurations = (
				0FF6B769268882CC007D7054 /* Debug */,
				0FF6B76A268882CC007D7054 /* Release */,
			);
			defaultConfigurationIsVisible = 0;
			defaultConfigurationName = Release;
		};
/* End XCConfigurationList section */
	};
	rootObject = 0FF6B730268882CB007D7054 /* Project object */;
}
